// !$*UTF8*$!
{
	archiveVersion = 1;
	classes = {
	};
	objectVersion = 46;
	objects = {

/* Begin PBXBuildFile section */
		7EC3E220BBDE4C108725AF36 /* libPods.a in Frameworks */ = {isa = PBXBuildFile; fileRef = D2059F950A814E348A5728B5 /* libPods.a */; };
		D908D07E197C1D56008C290F /* Accelerate.framework in Frameworks */ = {isa = PBXBuildFile; fileRef = D908D07D197C1D56008C290F /* Accelerate.framework */; };
		D908D080197C1D87008C290F /* Accounts.framework in Frameworks */ = {isa = PBXBuildFile; fileRef = D908D07F197C1D87008C290F /* Accounts.framework */; };
		D908D082197C1D91008C290F /* AddressBook.framework in Frameworks */ = {isa = PBXBuildFile; fileRef = D908D081197C1D91008C290F /* AddressBook.framework */; };
		D908D087197C1E1C008C290F /* AudioToolbox.framework in Frameworks */ = {isa = PBXBuildFile; fileRef = D908D086197C1E1C008C290F /* AudioToolbox.framework */; };
		D908D089197C1E35008C290F /* CFNetwork.framework in Frameworks */ = {isa = PBXBuildFile; fileRef = D908D088197C1E35008C290F /* CFNetwork.framework */; };
		D908D08B197C1E52008C290F /* CoreLocation.framework in Frameworks */ = {isa = PBXBuildFile; fileRef = D908D08A197C1E52008C290F /* CoreLocation.framework */; };
		D908D08D197C1E83008C290F /* libz.1.1.3.dylib in Frameworks */ = {isa = PBXBuildFile; fileRef = D908D08C197C1E83008C290F /* libz.1.1.3.dylib */; };
		D908D08F197C1EA3008C290F /* MobileCoreServices.framework in Frameworks */ = {isa = PBXBuildFile; fileRef = D908D08E197C1EA3008C290F /* MobileCoreServices.framework */; };
		D908D091197C1EEE008C290F /* QuartzCore.framework in Frameworks */ = {isa = PBXBuildFile; fileRef = D908D090197C1EEE008C290F /* QuartzCore.framework */; };
		D908D093197C1F05008C290F /* Security.framework in Frameworks */ = {isa = PBXBuildFile; fileRef = D908D092197C1F05008C290F /* Security.framework */; };
		D908D095197C1F3A008C290F /* StoreKit.framework in Frameworks */ = {isa = PBXBuildFile; fileRef = D908D094197C1F3A008C290F /* StoreKit.framework */; };
		D908D097197C1F5E008C290F /* SystemConfiguration.framework in Frameworks */ = {isa = PBXBuildFile; fileRef = D908D096197C1F5E008C290F /* SystemConfiguration.framework */; };
		D908D0AA197C66FA008C290F /* TWATableViewController.m in Sources */ = {isa = PBXBuildFile; fileRef = D908D0A9197C66FA008C290F /* TWATableViewController.m */; };
		D95A9DA81976FF17003E787D /* Foundation.framework in Frameworks */ = {isa = PBXBuildFile; fileRef = D95A9DA71976FF17003E787D /* Foundation.framework */; };
		D95A9DAA1976FF17003E787D /* CoreGraphics.framework in Frameworks */ = {isa = PBXBuildFile; fileRef = D95A9DA91976FF17003E787D /* CoreGraphics.framework */; };
		D95A9DAC1976FF17003E787D /* UIKit.framework in Frameworks */ = {isa = PBXBuildFile; fileRef = D95A9DAB1976FF17003E787D /* UIKit.framework */; };
		D95A9DB21976FF17003E787D /* InfoPlist.strings in Resources */ = {isa = PBXBuildFile; fileRef = D95A9DB01976FF17003E787D /* InfoPlist.strings */; };
		D95A9DB41976FF17003E787D /* main.m in Sources */ = {isa = PBXBuildFile; fileRef = D95A9DB31976FF17003E787D /* main.m */; };
		D95A9DB81976FF17003E787D /* TWAppDelegate.m in Sources */ = {isa = PBXBuildFile; fileRef = D95A9DB71976FF17003E787D /* TWAppDelegate.m */; };
		D95A9DBB1976FF17003E787D /* Main.storyboard in Resources */ = {isa = PBXBuildFile; fileRef = D95A9DB91976FF17003E787D /* Main.storyboard */; };
		D95A9DBE1976FF17003E787D /* TWViewController.m in Sources */ = {isa = PBXBuildFile; fileRef = D95A9DBD1976FF17003E787D /* TWViewController.m */; };
		D95A9DC01976FF17003E787D /* Images.xcassets in Resources */ = {isa = PBXBuildFile; fileRef = D95A9DBF1976FF17003E787D /* Images.xcassets */; };
		D95A9DC71976FF17003E787D /* XCTest.framework in Frameworks */ = {isa = PBXBuildFile; fileRef = D95A9DC61976FF17003E787D /* XCTest.framework */; };
		D95A9DC81976FF17003E787D /* Foundation.framework in Frameworks */ = {isa = PBXBuildFile; fileRef = D95A9DA71976FF17003E787D /* Foundation.framework */; };
		D95A9DC91976FF17003E787D /* UIKit.framework in Frameworks */ = {isa = PBXBuildFile; fileRef = D95A9DAB1976FF17003E787D /* UIKit.framework */; };
/* End PBXBuildFile section */

/* Begin PBXContainerItemProxy section */
		D95A9DCA1976FF17003E787D /* PBXContainerItemProxy */ = {
			isa = PBXContainerItemProxy;
			containerPortal = D95A9D9C1976FF17003E787D /* Project object */;
			proxyType = 1;
			remoteGlobalIDString = D95A9DA31976FF17003E787D;
			remoteInfo = TWA;
		};
/* End PBXContainerItemProxy section */

/* Begin PBXFileReference section */
		2453370C6F1845B591294A87 /* Pods.xcconfig */ = {isa = PBXFileReference; includeInIndex = 1; lastKnownFileType = text.xcconfig; name = Pods.xcconfig; path = Pods/Pods.xcconfig; sourceTree = "<group>"; };
		D2059F950A814E348A5728B5 /* libPods.a */ = {isa = PBXFileReference; explicitFileType = archive.ar; includeInIndex = 0; path = libPods.a; sourceTree = BUILT_PRODUCTS_DIR; };
		D908D07D197C1D56008C290F /* Accelerate.framework */ = {isa = PBXFileReference; lastKnownFileType = wrapper.framework; name = Accelerate.framework; path = System/Library/Frameworks/Accelerate.framework; sourceTree = SDKROOT; };
		D908D07F197C1D87008C290F /* Accounts.framework */ = {isa = PBXFileReference; lastKnownFileType = wrapper.framework; name = Accounts.framework; path = System/Library/Frameworks/Accounts.framework; sourceTree = SDKROOT; };
		D908D081197C1D91008C290F /* AddressBook.framework */ = {isa = PBXFileReference; lastKnownFileType = wrapper.framework; name = AddressBook.framework; path = System/Library/Frameworks/AddressBook.framework; sourceTree = SDKROOT; };
		D908D083197C1DCF008C290F /* TWA.xcodeproj */ = {isa = PBXFileReference; lastKnownFileType = "wrapper.pb-project"; path = TWA.xcodeproj; sourceTree = "<group>"; };
		D908D086197C1E1C008C290F /* AudioToolbox.framework */ = {isa = PBXFileReference; lastKnownFileType = wrapper.framework; name = AudioToolbox.framework; path = System/Library/Frameworks/AudioToolbox.framework; sourceTree = SDKROOT; };
		D908D088197C1E35008C290F /* CFNetwork.framework */ = {isa = PBXFileReference; lastKnownFileType = wrapper.framework; name = CFNetwork.framework; path = System/Library/Frameworks/CFNetwork.framework; sourceTree = SDKROOT; };
		D908D08A197C1E52008C290F /* CoreLocation.framework */ = {isa = PBXFileReference; lastKnownFileType = wrapper.framework; name = CoreLocation.framework; path = System/Library/Frameworks/CoreLocation.framework; sourceTree = SDKROOT; };
		D908D08C197C1E83008C290F /* libz.1.1.3.dylib */ = {isa = PBXFileReference; lastKnownFileType = "compiled.mach-o.dylib"; name = libz.1.1.3.dylib; path = usr/lib/libz.1.1.3.dylib; sourceTree = SDKROOT; };
		D908D08E197C1EA3008C290F /* MobileCoreServices.framework */ = {isa = PBXFileReference; lastKnownFileType = wrapper.framework; name = MobileCoreServices.framework; path = System/Library/Frameworks/MobileCoreServices.framework; sourceTree = SDKROOT; };
		D908D090197C1EEE008C290F /* QuartzCore.framework */ = {isa = PBXFileReference; lastKnownFileType = wrapper.framework; name = QuartzCore.framework; path = System/Library/Frameworks/QuartzCore.framework; sourceTree = SDKROOT; };
		D908D092197C1F05008C290F /* Security.framework */ = {isa = PBXFileReference; lastKnownFileType = wrapper.framework; name = Security.framework; path = System/Library/Frameworks/Security.framework; sourceTree = SDKROOT; };
		D908D094197C1F3A008C290F /* StoreKit.framework */ = {isa = PBXFileReference; lastKnownFileType = wrapper.framework; name = StoreKit.framework; path = System/Library/Frameworks/StoreKit.framework; sourceTree = SDKROOT; };
		D908D096197C1F5E008C290F /* SystemConfiguration.framework */ = {isa = PBXFileReference; lastKnownFileType = wrapper.framework; name = SystemConfiguration.framework; path = System/Library/Frameworks/SystemConfiguration.framework; sourceTree = SDKROOT; };
		D908D0A8197C66FA008C290F /* TWATableViewController.h */ = {isa = PBXFileReference; fileEncoding = 4; lastKnownFileType = sourcecode.c.h; name = TWATableViewController.h; path = ../TWATableViewController.h; sourceTree = "<group>"; };
		D908D0A9197C66FA008C290F /* TWATableViewController.m */ = {isa = PBXFileReference; fileEncoding = 4; lastKnownFileType = sourcecode.c.objc; name = TWATableViewController.m; path = ../TWATableViewController.m; sourceTree = "<group>"; };
		D95A9DA41976FF17003E787D /* TWA.app */ = {isa = PBXFileReference; explicitFileType = wrapper.application; includeInIndex = 0; path = TWA.app; sourceTree = BUILT_PRODUCTS_DIR; };
		D95A9DA71976FF17003E787D /* Foundation.framework */ = {isa = PBXFileReference; lastKnownFileType = wrapper.framework; name = Foundation.framework; path = System/Library/Frameworks/Foundation.framework; sourceTree = SDKROOT; };
		D95A9DA91976FF17003E787D /* CoreGraphics.framework */ = {isa = PBXFileReference; lastKnownFileType = wrapper.framework; name = CoreGraphics.framework; path = System/Library/Frameworks/CoreGraphics.framework; sourceTree = SDKROOT; };
		D95A9DAB1976FF17003E787D /* UIKit.framework */ = {isa = PBXFileReference; lastKnownFileType = wrapper.framework; name = UIKit.framework; path = System/Library/Frameworks/UIKit.framework; sourceTree = SDKROOT; };
		D95A9DAF1976FF17003E787D /* TWA-Info.plist */ = {isa = PBXFileReference; lastKnownFileType = text.plist.xml; path = "TWA-Info.plist"; sourceTree = "<group>"; };
		D95A9DB11976FF17003E787D /* en */ = {isa = PBXFileReference; lastKnownFileType = text.plist.strings; name = en; path = en.lproj/InfoPlist.strings; sourceTree = "<group>"; };
		D95A9DB31976FF17003E787D /* main.m */ = {isa = PBXFileReference; lastKnownFileType = sourcecode.c.objc; path = main.m; sourceTree = "<group>"; };
		D95A9DB51976FF17003E787D /* TWA-Prefix.pch */ = {isa = PBXFileReference; lastKnownFileType = sourcecode.c.h; path = "TWA-Prefix.pch"; sourceTree = "<group>"; };
		D95A9DB61976FF17003E787D /* TWAppDelegate.h */ = {isa = PBXFileReference; lastKnownFileType = sourcecode.c.h; path = TWAppDelegate.h; sourceTree = "<group>"; };
		D95A9DB71976FF17003E787D /* TWAppDelegate.m */ = {isa = PBXFileReference; lastKnownFileType = sourcecode.c.objc; path = TWAppDelegate.m; sourceTree = "<group>"; };
		D95A9DBA1976FF17003E787D /* Base */ = {isa = PBXFileReference; lastKnownFileType = file.storyboard; name = Base; path = Base.lproj/Main.storyboard; sourceTree = "<group>"; };
		D95A9DBC1976FF17003E787D /* TWViewController.h */ = {isa = PBXFileReference; lastKnownFileType = sourcecode.c.h; path = TWViewController.h; sourceTree = "<group>"; };
		D95A9DBD1976FF17003E787D /* TWViewController.m */ = {isa = PBXFileReference; lastKnownFileType = sourcecode.c.objc; path = TWViewController.m; sourceTree = "<group>"; };
		D95A9DBF1976FF17003E787D /* Images.xcassets */ = {isa = PBXFileReference; lastKnownFileType = folder.assetcatalog; path = Images.xcassets; sourceTree = "<group>"; };
		D95A9DC51976FF17003E787D /* TWATests.xctest */ = {isa = PBXFileReference; explicitFileType = wrapper.cfbundle; includeInIndex = 0; path = TWATests.xctest; sourceTree = BUILT_PRODUCTS_DIR; };
		D95A9DC61976FF17003E787D /* XCTest.framework */ = {isa = PBXFileReference; lastKnownFileType = wrapper.framework; name = XCTest.framework; path = Library/Frameworks/XCTest.framework; sourceTree = DEVELOPER_DIR; };
/* End PBXFileReference section */

/* Begin PBXFrameworksBuildPhase section */
		D95A9DA11976FF17003E787D /* Frameworks */ = {
			isa = PBXFrameworksBuildPhase;
			buildActionMask = 2147483647;
			files = (
				D908D097197C1F5E008C290F /* SystemConfiguration.framework in Frameworks */,
				D908D095197C1F3A008C290F /* StoreKit.framework in Frameworks */,
				D908D093197C1F05008C290F /* Security.framework in Frameworks */,
				D908D091197C1EEE008C290F /* QuartzCore.framework in Frameworks */,
				D908D08F197C1EA3008C290F /* MobileCoreServices.framework in Frameworks */,
				D908D08D197C1E83008C290F /* libz.1.1.3.dylib in Frameworks */,
				D908D08B197C1E52008C290F /* CoreLocation.framework in Frameworks */,
				D908D089197C1E35008C290F /* CFNetwork.framework in Frameworks */,
				D908D087197C1E1C008C290F /* AudioToolbox.framework in Frameworks */,
				D908D082197C1D91008C290F /* AddressBook.framework in Frameworks */,
				D908D080197C1D87008C290F /* Accounts.framework in Frameworks */,
				D908D07E197C1D56008C290F /* Accelerate.framework in Frameworks */,
				D95A9DAA1976FF17003E787D /* CoreGraphics.framework in Frameworks */,
				D95A9DAC1976FF17003E787D /* UIKit.framework in Frameworks */,
				D95A9DA81976FF17003E787D /* Foundation.framework in Frameworks */,
				7EC3E220BBDE4C108725AF36 /* libPods.a in Frameworks */,
			);
			runOnlyForDeploymentPostprocessing = 0;
		};
		D95A9DC21976FF17003E787D /* Frameworks */ = {
			isa = PBXFrameworksBuildPhase;
			buildActionMask = 2147483647;
			files = (
				D95A9DC71976FF17003E787D /* XCTest.framework in Frameworks */,
				D95A9DC91976FF17003E787D /* UIKit.framework in Frameworks */,
				D95A9DC81976FF17003E787D /* Foundation.framework in Frameworks */,
			);
			runOnlyForDeploymentPostprocessing = 0;
		};
/* End PBXFrameworksBuildPhase section */

/* Begin PBXGroup section */
		D908D084197C1DCF008C290F /* Products */ = {
			isa = PBXGroup;
			children = (
			);
			name = Products;
			sourceTree = "<group>";
		};
		D95A9D9B1976FF17003E787D = {
			isa = PBXGroup;
			children = (
				D95A9DAD1976FF17003E787D /* TWA */,
				D95A9DA61976FF17003E787D /* Frameworks */,
				D95A9DA51976FF17003E787D /* Products */,
				2453370C6F1845B591294A87 /* Pods.xcconfig */,
			);
			sourceTree = "<group>";
		};
		D95A9DA51976FF17003E787D /* Products */ = {
			isa = PBXGroup;
			children = (
				D95A9DA41976FF17003E787D /* TWA.app */,
				D95A9DC51976FF17003E787D /* TWATests.xctest */,
			);
			name = Products;
			sourceTree = "<group>";
		};
		D95A9DA61976FF17003E787D /* Frameworks */ = {
			isa = PBXGroup;
			children = (
				D908D096197C1F5E008C290F /* SystemConfiguration.framework */,
				D908D094197C1F3A008C290F /* StoreKit.framework */,
				D908D092197C1F05008C290F /* Security.framework */,
				D908D090197C1EEE008C290F /* QuartzCore.framework */,
				D908D08E197C1EA3008C290F /* MobileCoreServices.framework */,
				D908D08C197C1E83008C290F /* libz.1.1.3.dylib */,
				D908D08A197C1E52008C290F /* CoreLocation.framework */,
				D908D088197C1E35008C290F /* CFNetwork.framework */,
				D908D086197C1E1C008C290F /* AudioToolbox.framework */,
				D908D083197C1DCF008C290F /* TWA.xcodeproj */,
				D908D081197C1D91008C290F /* AddressBook.framework */,
				D908D07F197C1D87008C290F /* Accounts.framework */,
				D908D07D197C1D56008C290F /* Accelerate.framework */,
				D95A9DA71976FF17003E787D /* Foundation.framework */,
				D95A9DA91976FF17003E787D /* CoreGraphics.framework */,
				D95A9DAB1976FF17003E787D /* UIKit.framework */,
				D95A9DC61976FF17003E787D /* XCTest.framework */,
				D2059F950A814E348A5728B5 /* libPods.a */,
			);
			name = Frameworks;
			sourceTree = "<group>";
		};
		D95A9DAD1976FF17003E787D /* TWA */ = {
			isa = PBXGroup;
			children = (
				D95A9DB61976FF17003E787D /* TWAppDelegate.h */,
				D95A9DB71976FF17003E787D /* TWAppDelegate.m */,
				D95A9DB91976FF17003E787D /* Main.storyboard */,
				D908D0A8197C66FA008C290F /* TWATableViewController.h */,
				D908D0A9197C66FA008C290F /* TWATableViewController.m */,
				D95A9DBC1976FF17003E787D /* TWViewController.h */,
				D95A9DBD1976FF17003E787D /* TWViewController.m */,
				D95A9DBF1976FF17003E787D /* Images.xcassets */,
				D95A9DAE1976FF17003E787D /* Supporting Files */,
			);
			path = TWA;
			sourceTree = "<group>";
		};
		D95A9DAE1976FF17003E787D /* Supporting Files */ = {
			isa = PBXGroup;
			children = (
				D95A9DAF1976FF17003E787D /* TWA-Info.plist */,
				D95A9DB01976FF17003E787D /* InfoPlist.strings */,
				D95A9DB31976FF17003E787D /* main.m */,
				D95A9DB51976FF17003E787D /* TWA-Prefix.pch */,
			);
			name = "Supporting Files";
			sourceTree = "<group>";
		};
/* End PBXGroup section */

/* Begin PBXNativeTarget section */
		D95A9DA31976FF17003E787D /* TWA */ = {
			isa = PBXNativeTarget;
			buildConfigurationList = D95A9DD61976FF17003E787D /* Build configuration list for PBXNativeTarget "TWA" */;
			buildPhases = (
				0ACD2B17786C4A3EA4093504 /* Check Pods Manifest.lock */,
				D95A9DA01976FF17003E787D /* Sources */,
				D95A9DA11976FF17003E787D /* Frameworks */,
				D95A9DA21976FF17003E787D /* Resources */,
				26D3BD8D1DA242199A74845D /* Copy Pods Resources */,
			);
			buildRules = (
			);
			dependencies = (
			);
			name = TWA;
			productName = TWA;
			productReference = D95A9DA41976FF17003E787D /* TWA.app */;
			productType = "com.apple.product-type.application";
		};
		D95A9DC41976FF17003E787D /* TWATests */ = {
			isa = PBXNativeTarget;
			buildConfigurationList = D95A9DD91976FF17003E787D /* Build configuration list for PBXNativeTarget "TWATests" */;
			buildPhases = (
				D95A9DC11976FF17003E787D /* Sources */,
				D95A9DC21976FF17003E787D /* Frameworks */,
				D95A9DC31976FF17003E787D /* Resources */,
			);
			buildRules = (
			);
			dependencies = (
				D95A9DCB1976FF17003E787D /* PBXTargetDependency */,
			);
			name = TWATests;
			productName = TWATests;
			productReference = D95A9DC51976FF17003E787D /* TWATests.xctest */;
			productType = "com.apple.product-type.bundle.unit-test";
		};
/* End PBXNativeTarget section */

/* Begin PBXProject section */
		D95A9D9C1976FF17003E787D /* Project object */ = {
			isa = PBXProject;
			attributes = {
				CLASSPREFIX = TW;
				LastUpgradeCheck = 0510;
				ORGANIZATIONNAME = "Wathik Almayali";
				TargetAttributes = {
					D95A9DC41976FF17003E787D = {
						TestTargetID = D95A9DA31976FF17003E787D;
					};
				};
			};
			buildConfigurationList = D95A9D9F1976FF17003E787D /* Build configuration list for PBXProject "TWA" */;
			compatibilityVersion = "Xcode 3.2";
			developmentRegion = English;
			hasScannedForEncodings = 0;
			knownRegions = (
				en,
				Base,
			);
			mainGroup = D95A9D9B1976FF17003E787D;
			productRefGroup = D95A9DA51976FF17003E787D /* Products */;
			projectDirPath = "";
			projectReferences = (
				{
					ProductGroup = D908D084197C1DCF008C290F /* Products */;
					ProjectRef = D908D083197C1DCF008C290F /* TWA.xcodeproj */;
				},
			);
			projectRoot = "";
			targets = (
				D95A9DA31976FF17003E787D /* TWA */,
				D95A9DC41976FF17003E787D /* TWATests */,
			);
		};
/* End PBXProject section */

/* Begin PBXResourcesBuildPhase section */
		D95A9DA21976FF17003E787D /* Resources */ = {
			isa = PBXResourcesBuildPhase;
			buildActionMask = 2147483647;
			files = (
				D95A9DC01976FF17003E787D /* Images.xcassets in Resources */,
				D95A9DB21976FF17003E787D /* InfoPlist.strings in Resources */,
				D95A9DBB1976FF17003E787D /* Main.storyboard in Resources */,
			);
			runOnlyForDeploymentPostprocessing = 0;
		};
		D95A9DC31976FF17003E787D /* Resources */ = {
			isa = PBXResourcesBuildPhase;
			buildActionMask = 2147483647;
			files = (
			);
			runOnlyForDeploymentPostprocessing = 0;
		};
/* End PBXResourcesBuildPhase section */

/* Begin PBXShellScriptBuildPhase section */
		0ACD2B17786C4A3EA4093504 /* Check Pods Manifest.lock */ = {
			isa = PBXShellScriptBuildPhase;
			buildActionMask = 2147483647;
			files = (
			);
			inputPaths = (
			);
			name = "Check Pods Manifest.lock";
			outputPaths = (
			);
			runOnlyForDeploymentPostprocessing = 0;
			shellPath = /bin/sh;
			shellScript = "diff \"${PODS_ROOT}/../Podfile.lock\" \"${PODS_ROOT}/Manifest.lock\" > /dev/null\nif [[ $? != 0 ]] ; then\n    cat << EOM\nerror: The sandbox is not in sync with the Podfile.lock. Run 'pod install' or update your CocoaPods installation.\nEOM\n    exit 1\nfi\n";
			showEnvVarsInLog = 0;
		};
		26D3BD8D1DA242199A74845D /* Copy Pods Resources */ = {
			isa = PBXShellScriptBuildPhase;
			buildActionMask = 2147483647;
			files = (
			);
			inputPaths = (
			);
			name = "Copy Pods Resources";
			outputPaths = (
			);
			runOnlyForDeploymentPostprocessing = 0;
			shellPath = /bin/sh;
			shellScript = "\"${SRCROOT}/Pods/Pods-resources.sh\"\n";
			showEnvVarsInLog = 0;
		};
/* End PBXShellScriptBuildPhase section */

/* Begin PBXSourcesBuildPhase section */
		D95A9DA01976FF17003E787D /* Sources */ = {
			isa = PBXSourcesBuildPhase;
			buildActionMask = 2147483647;
			files = (
				D95A9DB41976FF17003E787D /* main.m in Sources */,
				D95A9DB81976FF17003E787D /* TWAppDelegate.m in Sources */,
				D908D0AA197C66FA008C290F /* TWATableViewController.m in Sources */,
				D95A9DBE1976FF17003E787D /* TWViewController.m in Sources */,
			);
			runOnlyForDeploymentPostprocessing = 0;
		};
		D95A9DC11976FF17003E787D /* Sources */ = {
			isa = PBXSourcesBuildPhase;
			buildActionMask = 2147483647;
			files = (
			);
			runOnlyForDeploymentPostprocessing = 0;
		};
/* End PBXSourcesBuildPhase section */

/* Begin PBXTargetDependency section */
		D95A9DCB1976FF17003E787D /* PBXTargetDependency */ = {
			isa = PBXTargetDependency;
			target = D95A9DA31976FF17003E787D /* TWA */;
			targetProxy = D95A9DCA1976FF17003E787D /* PBXContainerItemProxy */;
		};
/* End PBXTargetDependency section */

/* Begin PBXVariantGroup section */
		D95A9DB01976FF17003E787D /* InfoPlist.strings */ = {
			isa = PBXVariantGroup;
			children = (
				D95A9DB11976FF17003E787D /* en */,
			);
			name = InfoPlist.strings;
			sourceTree = "<group>";
		};
		D95A9DB91976FF17003E787D /* Main.storyboard */ = {
			isa = PBXVariantGroup;
			children = (
				D95A9DBA1976FF17003E787D /* Base */,
			);
			name = Main.storyboard;
			sourceTree = "<group>";
		};
/* End PBXVariantGroup section */

/* Begin XCBuildConfiguration section */
		D95A9DD41976FF17003E787D /* Debug */ = {
			isa = XCBuildConfiguration;
			buildSettings = {
				ALWAYS_SEARCH_USER_PATHS = NO;
				CLANG_CXX_LANGUAGE_STANDARD = "gnu++0x";
				CLANG_CXX_LIBRARY = "libc++";
				CLANG_ENABLE_MODULES = YES;
				CLANG_ENABLE_OBJC_ARC = YES;
				CLANG_WARN_BOOL_CONVERSION = YES;
				CLANG_WARN_CONSTANT_CONVERSION = YES;
				CLANG_WARN_DIRECT_OBJC_ISA_USAGE = YES_ERROR;
				CLANG_WARN_EMPTY_BODY = YES;
				CLANG_WARN_ENUM_CONVERSION = YES;
				CLANG_WARN_INT_CONVERSION = YES;
				CLANG_WARN_OBJC_ROOT_CLASS = YES_ERROR;
				CLANG_WARN__DUPLICATE_METHOD_MATCH = YES;
				"CODE_SIGN_IDENTITY[sdk=iphoneos*]" = "iPhone Developer";
				COPY_PHASE_STRIP = NO;
				GCC_C_LANGUAGE_STANDARD = gnu99;
				GCC_DYNAMIC_NO_PIC = NO;
				GCC_OPTIMIZATION_LEVEL = 0;
				GCC_PREPROCESSOR_DEFINITIONS = (
					"DEBUG=1",
					"$(inherited)",
				);
				GCC_SYMBOLS_PRIVATE_EXTERN = NO;
				GCC_WARN_64_TO_32_BIT_CONVERSION = YES;
				GCC_WARN_ABOUT_RETURN_TYPE = YES_ERROR;
				GCC_WARN_UNDECLARED_SELECTOR = YES;
				GCC_WARN_UNINITIALIZED_AUTOS = YES_AGGRESSIVE;
				GCC_WARN_UNUSED_FUNCTION = YES;
				GCC_WARN_UNUSED_VARIABLE = YES;
				IPHONEOS_DEPLOYMENT_TARGET = 7.1;
				ONLY_ACTIVE_ARCH = YES;
				SDKROOT = iphoneos;
			};
			name = Debug;
		};
		D95A9DD51976FF17003E787D /* Release */ = {
			isa = XCBuildConfiguration;
			buildSettings = {
				ALWAYS_SEARCH_USER_PATHS = NO;
				CLANG_CXX_LANGUAGE_STANDARD = "gnu++0x";
				CLANG_CXX_LIBRARY = "libc++";
				CLANG_ENABLE_MODULES = YES;
				CLANG_ENABLE_OBJC_ARC = YES;
				CLANG_WARN_BOOL_CONVERSION = YES;
				CLANG_WARN_CONSTANT_CONVERSION = YES;
				CLANG_WARN_DIRECT_OBJC_ISA_USAGE = YES_ERROR;
				CLANG_WARN_EMPTY_BODY = YES;
				CLANG_WARN_ENUM_CONVERSION = YES;
				CLANG_WARN_INT_CONVERSION = YES;
				CLANG_WARN_OBJC_ROOT_CLASS = YES_ERROR;
				CLANG_WARN__DUPLICATE_METHOD_MATCH = YES;
				"CODE_SIGN_IDENTITY[sdk=iphoneos*]" = "iPhone Developer";
				COPY_PHASE_STRIP = YES;
				ENABLE_NS_ASSERTIONS = NO;
				GCC_C_LANGUAGE_STANDARD = gnu99;
				GCC_WARN_64_TO_32_BIT_CONVERSION = YES;
				GCC_WARN_ABOUT_RETURN_TYPE = YES_ERROR;
				GCC_WARN_UNDECLARED_SELECTOR = YES;
				GCC_WARN_UNINITIALIZED_AUTOS = YES_AGGRESSIVE;
				GCC_WARN_UNUSED_FUNCTION = YES;
				GCC_WARN_UNUSED_VARIABLE = YES;
				IPHONEOS_DEPLOYMENT_TARGET = 7.1;
				SDKROOT = iphoneos;
				VALIDATE_PRODUCT = YES;
			};
			name = Release;
		};
		D95A9DD71976FF17003E787D /* Debug */ = {
			isa = XCBuildConfiguration;
			baseConfigurationReference = 2453370C6F1845B591294A87 /* Pods.xcconfig */;
			buildSettings = {
				ASSETCATALOG_COMPILER_APPICON_NAME = AppIcon;
				ASSETCATALOG_COMPILER_LAUNCHIMAGE_NAME = LaunchImage;
				GCC_PRECOMPILE_PREFIX_HEADER = YES;
				GCC_PREFIX_HEADER = "TWA/TWA-Prefix.pch";
				INFOPLIST_FILE = "TWA/TWA-Info.plist";
				PRODUCT_NAME = "$(TARGET_NAME)";
				WRAPPER_EXTENSION = app;
			};
			name = Debug;
		};
		D95A9DD81976FF17003E787D /* Release */ = {
			isa = XCBuildConfiguration;
			baseConfigurationReference = 2453370C6F1845B591294A87 /* Pods.xcconfig */;
			buildSettings = {
				ASSETCATALOG_COMPILER_APPICON_NAME = AppIcon;
				ASSETCATALOG_COMPILER_LAUNCHIMAGE_NAME = LaunchImage;
				GCC_PRECOMPILE_PREFIX_HEADER = YES;
				GCC_PREFIX_HEADER = "TWA/TWA-Prefix.pch";
				INFOPLIST_FILE = "TWA/TWA-Info.plist";
				PRODUCT_NAME = "$(TARGET_NAME)";
				WRAPPER_EXTENSION = app;
			};
			name = Release;
		};
		D95A9DDA1976FF17003E787D /* Debug */ = {
			isa = XCBuildConfiguration;
			buildSettings = {
				BUNDLE_LOADER = "$(BUILT_PRODUCTS_DIR)/TWA.app/TWA";
				FRAMEWORK_SEARCH_PATHS = (
					"$(SDKROOT)/Developer/Library/Frameworks",
					"$(inherited)",
					"$(DEVELOPER_FRAMEWORKS_DIR)",
				);
				GCC_PRECOMPILE_PREFIX_HEADER = YES;
				GCC_PREFIX_HEADER = "TWA/TWA-Prefix.pch";
				GCC_PREPROCESSOR_DEFINITIONS = (
					"DEBUG=1",
					"$(inherited)",
				);
				INFOPLIST_FILE = "TWATests/TWATests-Info.plist";
				PRODUCT_NAME = "$(TARGET_NAME)";
				TEST_HOST = "$(BUNDLE_LOADER)";
				WRAPPER_EXTENSION = xctest;
			};
			name = Debug;
		};
		D95A9DDB1976FF17003E787D /* Release */ = {
			isa = XCBuildConfiguration;
			buildSettings = {
				BUNDLE_LOADER = "$(BUILT_PRODUCTS_DIR)/TWA.app/TWA";
				FRAMEWORK_SEARCH_PATHS = (
					"$(SDKROOT)/Developer/Library/Frameworks",
					"$(inherited)",
					"$(DEVELOPER_FRAMEWORKS_DIR)",
				);
				GCC_PRECOMPILE_PREFIX_HEADER = YES;
				GCC_PREFIX_HEADER = "TWA/TWA-Prefix.pch";
				INFOPLIST_FILE = "TWATests/TWATests-Info.plist";
				PRODUCT_NAME = "$(TARGET_NAME)";
				TEST_HOST = "$(BUNDLE_LOADER)";
				WRAPPER_EXTENSION = xctest;
			};
			name = Release;
		};
/* End XCBuildConfiguration section */

/* Begin XCConfigurationList section */
		D95A9D9F1976FF17003E787D /* Build configuration list for PBXProject "TWA" */ = {
			isa = XCConfigurationList;
			buildConfigurations = (
				D95A9DD41976FF17003E787D /* Debug */,
				D95A9DD51976FF17003E787D /* Release */,
			);
			defaultConfigurationIsVisible = 0;
			defaultConfigurationName = Release;
		};
		D95A9DD61976FF17003E787D /* Build configuration list for PBXNativeTarget "TWA" */ = {
			isa = XCConfigurationList;
			buildConfigurations = (
				D95A9DD71976FF17003E787D /* Debug */,
				D95A9DD81976FF17003E787D /* Release */,
			);
			defaultConfigurationIsVisible = 0;
			defaultConfigurationName = Release;
		};
		D95A9DD91976FF17003E787D /* Build configuration list for PBXNativeTarget "TWATests" */ = {
			isa = XCConfigurationList;
			buildConfigurations = (
				D95A9DDA1976FF17003E787D /* Debug */,
				D95A9DDB1976FF17003E787D /* Release */,
			);
			defaultConfigurationIsVisible = 0;
			defaultConfigurationName = Release;
		};
/* End XCConfigurationList section */
	};
	rootObject = D95A9D9C1976FF17003E787D /* Project object */;
}
